{
  "name": "grill-me-report",
  "version": "1.0.0",
  "lockfileVersion": 3,
  "requires": true,
  "packages": {
    "": {
      "name": "grill-me-report",
      "version": "1.0.0",
      "dependencies": {
        "beautiful-mermaid": "^1.1.3",
        "takumi-js": "^1.8.7"
      }
    },
    "node_modules/@takumi-rs/core": {
      "version": "1.8.7",
      "resolved": "https://registry.npmjs.org/@takumi-rs/core/-/core-1.8.7.tgz",
      "integrity": "sha512-Ia8I3vg0VAQPnzHiYRrd18UgZbIj3X0zMwWMjuTm3yb2TBH1988lPwnnlf+eAfYMwZrutNiXLLtgEnkzsm2gMw==",
      "license": "(MIT OR Apache-2.0)",
      "dependencies": {
        "@takumi-rs/helpers": "1.8.7"
      },
      "engines": {
        "node": ">= 12.22.0 < 13 || >= 14.17.0 < 15 || >= 15.12.0 < 16 || >= 16.0.0"
      },
      "optionalDependencies": {
        "@takumi-rs/core-darwin-arm64": "1.8.7",
        "@takumi-rs/core-darwin-x64": "1.8.7",
        "@takumi-rs/core-linux-arm64-gnu": "1.8.7",
        "@takumi-rs/core-linux-arm64-musl": "1.8.7",
        "@takumi-rs/core-linux-x64-gnu": "1.8.7",
        "@takumi-rs/core-linux-x64-musl": "1.8.7",
        "@takumi-rs/core-win32-arm64-msvc": "1.8.7",
        "@takumi-rs/core-win32-x64-msvc": "1.8.7"
      }
    },
    "node_modules/@takumi-rs/core-darwin-arm64": {
      "version": "1.8.7",
      "resolved": "https://registry.npmjs.org/@takumi-rs/core-darwin-arm64/-/core-darwin-arm64-1.8.7.tgz",
      "integrity": "sha512-an8vc2B/Qf9vo3uwDmJ6WKazpMBpDruRy/kXr+x98GfIkzMHDEUy+9EgNfUYxprtZo49cJruXrVwzxsqqW+1tA==",
      "cpu": [
        "arm64"
      ],
      "license": "(MIT OR Apache-2.0)",
      "optional": true,
      "os": [
        "darwin"
      ],
      "engines": {
        "node": ">= 12.22.0 < 13 || >= 14.17.0 < 15 || >= 15.12.0 < 16 || >= 16.0.0"
      }
    },
    "node_modules/@takumi-rs/core-darwin-x64": {
      "version": "1.8.7",
      "resolved": "https://registry.npmjs.org/@takumi-rs/core-darwin-x64/-/core-darwin-x64-1.8.7.tgz",
      "integrity": "sha512-q0xQxmb4y4EwYK3ILMBvWvqLGX8gxsqcEas0zOwNbPnxBLTQFF8KVH4jXaKXLUFwj020lu8nsf1BNvLIkJMo3Q==",
      "cpu": [
        "x64"
      ],
      "license": "(MIT OR Apache-2.0)",
      "optional": true,
      "os": [
        "darwin"
      ],
      "engines": {
        "node": ">= 12.22.0 < 13 || >= 14.17.0 < 15 || >= 15.12.0 < 16 || >= 16.0.0"
      }
    },
    "node_modules/@takumi-rs/core-linux-arm64-gnu": {
      "version": "1.8.7",
      "resolved": "https://registry.npmjs.org/@takumi-rs/core-linux-arm64-gnu/-/core-linux-arm64-gnu-1.8.7.tgz",
      "integrity": "sha512-uZ6l792M4Mc06XG+m+8RarTgdR5o1ZLjncULKUEPAw3nBKhRbJ50Re3aLM4n4+p25iOj1oL9QwEZRcaJn8u/Ag==",
      "cpu": [
        "arm64"
      ],
      "license": "(MIT OR Apache-2.0)",
      "optional": true,
      "os": [
        "linux"
      ],
      "engines": {
        "node": ">= 12.22.0 < 13 || >= 14.17.0 < 15 || >= 15.12.0 < 16 || >= 16.0.0"
      }
    },
    "node_modules/@takumi-rs/core-linux-arm64-musl": {
      "version": "1.8.7",
      "resolved": "https://registry.npmjs.org/@takumi-rs/core-linux-arm64-musl/-/core-linux-arm64-musl-1.8.7.tgz",
      "integrity": "sha512-akVy80ztI2as/b0n0EVCfHNKhibp+Od4ioP49PtX2rQMi6KDtqv3aoCIjaBls8oxzv+4x77/2U9fsWIO2XZQjg==",
      "cpu": [
        "arm64"
      ],
      "license": "(MIT OR Apache-2.0)",
      "optional": true,
      "os": [
        "linux"
      ],
      "engines": {
        "node": ">= 12.22.0 < 13 || >= 14.17.0 < 15 || >= 15.12.0 < 16 || >= 16.0.0"
      }
    },
    "node_modules/@takumi-rs/core-linux-x64-gnu": {
      "version": "1.8.7",
      "resolved": "https://registry.npmjs.org/@takumi-rs/core-linux-x64-gnu/-/core-linux-x64-gnu-1.8.7.tgz",
      "integrity": "sha512-SV1YesGs/HfC1CMpSF5SqS6KbL4hDLvD2m54JcfB+X/0xatmo/CS2XleqoIXhSmR+95X8Of5g2vg1a4TAdpcug==",
      "cpu": [
        "x64"
      ],
      "license": "(MIT OR Apache-2.0)",
      "optional": true,
      "os": [
        "linux"
      ],
      "engines": {
        "node": ">= 12.22.0 < 13 || >= 14.17.0 < 15 || >= 15.12.0 < 16 || >= 16.0.0"
      }
    },
    "node_modules/@takumi-rs/core-linux-x64-musl": {
      "version": "1.8.7",
      "resolved": "https://registry.npmjs.org/@takumi-rs/core-linux-x64-musl/-/core-linux-x64-musl-1.8.7.tgz",
      "integrity": "sha512-zprYQ/ivPDmYX4tFaONiAzoDJNTANA3kqfIe7SMHZ2YhkfEhYnr3PE3XtBytgB4W/VlTc9WQLyD77SKwPnPuFw==",
      "cpu": [
        "x64"
      ],
      "license": "(MIT OR Apache-2.0)",
      "optional": true,
      "os": [
        "linux"
      ],
      "engines": {
        "node": ">= 12.22.0 < 13 || >= 14.17.0 < 15 || >= 15.12.0 < 16 || >= 16.0.0"
      }
    },
    "node_modules/@takumi-rs/core-win32-arm64-msvc": {
      "version": "1.8.7",
      "resolved": "https://registry.npmjs.org/@takumi-rs/core-win32-arm64-msvc/-/core-win32-arm64-msvc-1.8.7.tgz",
      "integrity": "sha512-2S5YcgIj/c0E3sLzWDcxzlXoPvEjR2xC1v7yODe0CvimlRx95Df6rJ9idTS6E1KNUjDaTfqxTr8Ud4gWqYrrPg==",
      "cpu": [
        "arm64"
      ],
      "license": "(MIT OR Apache-2.0)",
      "optional": true,
      "os": [
        "win32"
      ],
      "engines": {
        "node": ">= 12.22.0 < 13 || >= 14.17.0 < 15 || >= 15.12.0 < 16 || >= 16.0.0"
      }
    },
    "node_modules/@takumi-rs/core-win32-x64-msvc": {
      "version": "1.8.7",
      "resolved": "https://registry.npmjs.org/@takumi-rs/core-win32-x64-msvc/-/core-win32-x64-msvc-1.8.7.tgz",
      "integrity": "sha512-sooiM6fL0JN597ciNAFVp9F7YxCW+8hXpwu/7wRMRo0TGQ/KMi1Y94tf1FUu2csCHN0pgy9a3y09y8+qnw3FTw==",
      "cpu": [
        "x64"
      ],
      "license": "(MIT OR Apache-2.0)",
      "optional": true,
      "os": [
        "win32"
      ],
      "engines": {
        "node": ">= 12.22.0 < 13 || >= 14.17.0 < 15 || >= 15.12.0 < 16 || >= 16.0.0"
      }
    },
    "node_modules/@takumi-rs/helpers": {
      "version": "1.8.7",
      "resolved": "https://registry.npmjs.org/@takumi-rs/helpers/-/helpers-1.8.7.tgz",
      "integrity": "sha512-5dSR9W8msQ7Asp4TCvUUB9Bt8yLgIc2ASjWtEG4Jn9xSuAVJLWFZ21Xl8HShW5GE6SV5aCCM9BL0NA9YuBWIJw==",
      "license": "(MIT OR Apache-2.0)",
      "peerDependencies": {
        "react": "^19.2.5",
        "react-dom": "^18.0.0 || ^19.0.0"
      },
      "peerDependenciesMeta": {
        "react": {
          "optional": true
        },
        "react-dom": {
          "optional": true
        }
      }
    },
    "node_modules/@takumi-rs/wasm": {
      "version": "1.8.7",
      "resolved": "https://registry.npmjs.org/@takumi-rs/wasm/-/wasm-1.8.7.tgz",
      "integrity": "sha512-LVBBMcYdvA0a+w1DRCwjYhFPTFVWd+oYW7kY8jMeBYEX+l0HF8PHbjWCOMDbW8iA80489UGx4fG2frLE+MKcMg==",
      "license": "(MIT OR Apache-2.0)",
      "dependencies": {
        "@takumi-rs/helpers": "1.8.7"
      }
    },
    "node_modules/beautiful-mermaid": {
      "version": "1.1.3",
      "resolved": "https://registry.npmjs.org/beautiful-mermaid/-/beautiful-mermaid-1.1.3.tgz",
      "integrity": "sha512-TItrtrAyHp1vwFfFVYauWGrquouk/6SS21Aq3RsxindSYZODcN4xYrPZD6BiZRU+o5mKJzDPz9MUSMvELdylyg==",
      "license": "MIT",
      "dependencies": {
        "elkjs": "^0.11.0",
        "entities": "^7.0.1"
      }
    },
    "node_modules/elkjs": {
      "version": "0.11.1",
      "resolved": "https://registry.npmjs.org/elkjs/-/elkjs-0.11.1.tgz",
      "integrity": "sha512-zxxR9k+rx5ktMwT/FwyLdPCrq7xN6e4VGGHH8hA01vVYKjTFik7nHOxBnAYtrgYUB1RpAiLvA1/U2YraWxyKKg==",
      "license": "EPL-2.0"
    },
    "node_modules/entities": {
      "version": "7.0.1",
      "resolved": "https://registry.npmjs.org/entities/-/entities-7.0.1.tgz",
      "integrity": "sha512-TWrgLOFUQTH994YUyl1yT4uyavY5nNB5muff+RtWaqNVCAK408b5ZnnbNAUEWLTCpum9w6arT70i1XdQ4UeOPA==",
      "license": "BSD-2-Clause",
      "engines": {
        "node": ">=0.12"
      },
      "funding": {
        "url": "https://github.com/fb55/entities?sponsor=1"
      }
    },
    "node_modules/takumi-js": {
      "version": "1.8.7",
      "resolved": "https://registry.npmjs.org/takumi-js/-/takumi-js-1.8.7.tgz",
      "integrity": "sha512-vJ4znkQvSecOkiAwge2P7lkwF6GFEbQIPD1C1EebyQq3x2xcE2+Wu9HkUVlMOuh3Un9p/GBHePr0jNpUCwHQOQ==",
      "license": "(MIT OR Apache-2.0)",
      "dependencies": {
        "@takumi-rs/core": "1.8.7",
        "@takumi-rs/helpers": "1.8.7",
        "@takumi-rs/wasm": "1.8.7"
      }
    }
  }
}
